{
    "requires": true,
    "lockfileVersion": 1,
    "dependencies": {
        "detect-it": {
            "version": "4.0.1",
            "resolved": "https://registry.npmjs.org/detect-it/-/detect-it-4.0.1.tgz",
            "integrity": "sha512-dg5YBTJYvogK1+dA2mBUDKzOWfYZtHVba89SyZUhc4+e3i2tzgjANFg5lDRCd3UOtRcw00vUTMK8LELcMdicug=="
        },
        "star-rating.js": {
            "version": "4.1.5",
            "resolved": "https://registry.npmjs.org/star-rating.js/-/star-rating.js-4.1.5.tgz",
            "integrity": "sha512-3TthgXAvWEUoyDDB3ZtmD6XsIC3/uL24Qu/+iCDOdHo5TcQGZBgOyTffdt57vhxaFfN+y9d2D7ndFUu5Aj7OIw==",
            "requires": {
                "detect-it": "^4.0.0"
            }
        }
    }
}
